<?xml version="1.0" encoding="utf-8"?>
<Project ToolsVersion="4.0" xmlns="http://schemas.microsoft.com/developer/msbuild/2003">
  <ItemGroup>
    <Filter Include="源文件">
      <UniqueIdentifier>{4FC737F1-C7A5-4376-A066-2A32D752A2FF}</UniqueIdentifier>
      <Extensions>cpp;c;cc;cxx;def;odl;idl;hpj;bat;asm;asmx</Extensions>
    </Filter>
    <Filter Include="头文件">
      <UniqueIdentifier>{93995380-89BD-4b04-88EB-625FBE52EBFB}</UniqueIdentifier>
      <Extensions>h;hh;hpp;hxx;hm;inl;inc;xsd</Extensions>
    </Filter>
    <Filter Include="资源文件">
      <UniqueIdentifier>{67DA6AB6-F800-4c08-8B7A-83BB121AAD01}</UniqueIdentifier>
      <Extensions>rc;ico;cur;bmp;dlg;rc2;rct;bin;rgs;gif;jpg;jpeg;jpe;resx;tiff;tif;png;wav;mfcribbon-ms</Extensions>
    </Filter>
    <Filter Include="Math">
      <UniqueIdentifier>{0cc40bce-51b9-43ec-8b5e-e71b753f5f5f}</UniqueIdentifier>
    </Filter>
  </ItemGroup>
  <ItemGroup>
    <ClCompile Include="main.cpp">
      <Filter>源文件</Filter>
    </ClCompile>
    <ClCompile Include="Math\ZCVector.cpp">
      <Filter>Math</Filter>
    </ClCompile>
    <ClCompile Include="Math\ZCMatrix.cpp">
      <Filter>Math</Filter>
    </ClCompile>
    <ClCompile Include="Tiny3DDevice.cpp">
      <Filter>源文件</Filter>
    </ClCompile>
    <ClCompile Include="BoxDemo.cpp">
      <Filter>源文件</Filter>
    </ClCompile>
    <ClCompile Include="Tiny3DDeviceContext.cpp">
      <Filter>源文件</Filter>
    </ClCompile>
    <ClCompile Include="ShaderBase.cpp">
      <Filter>源文件</Filter>
    </ClCompile>
    <ClCompile Include="BoxShader.cpp">
      <Filter>源文件</Filter>
    </ClCompile>
    <ClCompile Include="Math\Texture2D.cpp">
      <Filter>Math</Filter>
    </ClCompile>
    <ClCompile Include="GeometryGenerator.cpp">
      <Filter>源文件</Filter>
    </ClCompile>
    <ClCompile Include="Math\LoadBitmap.cpp">
      <Filter>Math</Filter>
    </ClCompile>
    <ClCompile Include="Math\MathUtil.cpp">
      <Filter>Math</Filter>
    </ClCompile>
    <ClCompile Include="Math\Vertex.cpp">
      <Filter>Math</Filter>
    </ClCompile>
  </ItemGroup>
  <ItemGroup>
    <ClInclude Include="Math\ZCVector.h">
      <Filter>Math</Filter>
    </ClInclude>
    <ClInclude Include="Math\ZCMatrix.h">
      <Filter>Math</Filter>
    </ClInclude>
    <ClInclude Include="Math\MathUtil.h">
      <Filter>Math</Filter>
    </ClInclude>
    <ClInclude Include="Tiny3DDevice.h">
      <Filter>头文件</Filter>
    </ClInclude>
    <ClInclude Include="BoxDemo.h">
      <Filter>头文件</Filter>
    </ClInclude>
    <ClInclude Include="Tiny3DDeviceContext.h">
      <Filter>头文件</Filter>
    </ClInclude>
    <ClInclude Include="ShaderBase.h">
      <Filter>头文件</Filter>
    </ClInclude>
    <ClInclude Include="LightHelper.h">
      <Filter>头文件</Filter>
    </ClInclude>
    <ClInclude Include="BoxShader.h">
      <Filter>头文件</Filter>
    </ClInclude>
    <ClInclude Include="Tiny3D.h">
      <Filter>头文件</Filter>
    </ClInclude>
    <ClInclude Include="Math\Texture2D.h">
      <Filter>Math</Filter>
    </ClInclude>
    <ClInclude Include="GeometryGenerator.h">
      <Filter>头文件</Filter>
    </ClInclude>
    <ClInclude Include="Math\LoadBitmap.h">
      <Filter>Math</Filter>
    </ClInclude>
    <ClInclude Include="Math\Vertex.h">
      <Filter>Math</Filter>
    </ClInclude>
    <ClInclude Include="Math\ZCMath.h">
      <Filter>Math</Filter>
    </ClInclude>
  </ItemGroup>
</Project>